// !$*UTF8*$!
{
	archiveVersion = 1;
	classes = {
	};
	objectVersion = 60;
	objects = {

/* Begin PBXBuildFile section */
		FD9E66DC2C82142200F956DB /* FavoriteButton.swift in Sources */ = {isa = PBXBuildFile; fileRef = FD9E66DB2C82142200F956DB /* FavoriteButton.swift */; };
		FDA13E042C849F080093B962 /* GraphCapsule.swift in Sources */ = {isa = PBXBuildFile; fileRef = FDA13E032C849F080093B962 /* GraphCapsule.swift */; };
		FDA13E062C849F4C0093B962 /* HikeGraph.swift in Sources */ = {isa = PBXBuildFile; fileRef = FDA13E052C849F4C0093B962 /* HikeGraph.swift */; };
		FDA13E082C84A31A0093B962 /* HikeDetail.swift in Sources */ = {isa = PBXBuildFile; fileRef = FDA13E072C84A31A0093B962 /* HikeDetail.swift */; };
		FDA13E0A2C84A3D40093B962 /* HikeView.swift in Sources */ = {isa = PBXBuildFile; fileRef = FDA13E092C84A3D40093B962 /* HikeView.swift */; };
		FDB1449A2C8490100088A2A2 /* HexagonParameters.swift in Sources */ = {isa = PBXBuildFile; fileRef = FDB144992C8490100088A2A2 /* HexagonParameters.swift */; };
		FDB1449C2C8491B90088A2A2 /* BadgeBackground.swift in Sources */ = {isa = PBXBuildFile; fileRef = FDB1449B2C8491B90088A2A2 /* BadgeBackground.swift */; };
		FDB1449E2C8495890088A2A2 /* BadgeSymbol.swift in Sources */ = {isa = PBXBuildFile; fileRef = FDB1449D2C8495890088A2A2 /* BadgeSymbol.swift */; };
		FDB144A02C8496C20088A2A2 /* RotatedBadgeSymbol.swift in Sources */ = {isa = PBXBuildFile; fileRef = FDB1449F2C8496C20088A2A2 /* RotatedBadgeSymbol.swift */; };
		FDB144A22C8496FB0088A2A2 /* Badge.swift in Sources */ = {isa = PBXBuildFile; fileRef = FDB144A12C8496FB0088A2A2 /* Badge.swift */; };
		FDB144A52C849BAF0088A2A2 /* hikeData.json in Resources */ = {isa = PBXBuildFile; fileRef = FDB144A42C849BAF0088A2A2 /* hikeData.json */; };
		FDB144A72C849BC50088A2A2 /* Hike.swift in Sources */ = {isa = PBXBuildFile; fileRef = FDB144A62C849BC50088A2A2 /* Hike.swift */; };
		FDC13C222C7CCE9B00C35F94 /* LandmarksApp.swift in Sources */ = {isa = PBXBuildFile; fileRef = FDC13C212C7CCE9B00C35F94 /* LandmarksApp.swift */; };
		FDC13C242C7CCE9B00C35F94 /* ContentView.swift in Sources */ = {isa = PBXBuildFile; fileRef = FDC13C232C7CCE9B00C35F94 /* ContentView.swift */; };
		FDC13C282C7CCE9C00C35F94 /* Assets.xcassets in Resources */ = {isa = PBXBuildFile; fileRef = FDC13C272C7CCE9C00C35F94 /* Assets.xcassets */; };
		FDC13C2B2C7CCE9C00C35F94 /* Preview Assets.xcassets in Resources */ = {isa = PBXBuildFile; fileRef = FDC13C2A2C7CCE9C00C35F94 /* Preview Assets.xcassets */; };
		FDC13C352C7CCE9C00C35F94 /* LandmarksTests.swift in Sources */ = {isa = PBXBuildFile; fileRef = FDC13C342C7CCE9C00C35F94 /* LandmarksTests.swift */; };
		FDC13C3F2C7CCE9C00C35F94 /* LandmarksUITests.swift in Sources */ = {isa = PBXBuildFile; fileRef = FDC13C3E2C7CCE9C00C35F94 /* LandmarksUITests.swift */; };
		FDC13C412C7CCE9C00C35F94 /* LandmarksUITestsLaunchTests.swift in Sources */ = {isa = PBXBuildFile; fileRef = FDC13C402C7CCE9C00C35F94 /* LandmarksUITestsLaunchTests.swift */; };
		FDC13C4E2C7CD18E00C35F94 /* CircleImage.swift in Sources */ = {isa = PBXBuildFile; fileRef = FDC13C4D2C7CD18E00C35F94 /* CircleImage.swift */; };
		FDC13C502C7CD20600C35F94 /* MapView.swift in Sources */ = {isa = PBXBuildFile; fileRef = FDC13C4F2C7CD20600C35F94 /* MapView.swift */; };
		FDC13C542C7CD46100C35F94 /* landmarkData.json in Resources */ = {isa = PBXBuildFile; fileRef = FDC13C532C7CD46100C35F94 /* landmarkData.json */; };
		FDC13C572C7CD47C00C35F94 /* Landmark.swift in Sources */ = {isa = PBXBuildFile; fileRef = FDC13C562C7CD47B00C35F94 /* Landmark.swift */; };
		FDC13C592C7CD53700C35F94 /* ModelData.swift in Sources */ = {isa = PBXBuildFile; fileRef = FDC13C582C7CD53700C35F94 /* ModelData.swift */; };
		FDC13C5D2C7CD64A00C35F94 /* LandmarkRow.swift in Sources */ = {isa = PBXBuildFile; fileRef = FDC13C5C2C7CD64A00C35F94 /* LandmarkRow.swift */; };
		FDC13C5F2C7CD76700C35F94 /* LandmarkList.swift in Sources */ = {isa = PBXBuildFile; fileRef = FDC13C5E2C7CD76700C35F94 /* LandmarkList.swift */; };
		FDC13C612C7CD7F700C35F94 /* LandmarkDetail.swift in Sources */ = {isa = PBXBuildFile; fileRef = FDC13C602C7CD7F600C35F94 /* LandmarkDetail.swift */; };
/* End PBXBuildFile section */

/* Begin PBXContainerItemProxy section */
		FDC13C312C7CCE9C00C35F94 /* PBXContainerItemProxy */ = {
			isa = PBXContainerItemProxy;
			containerPortal = FDC13C162C7CCE9B00C35F94 /* Project object */;
			proxyType = 1;
			remoteGlobalIDString = FDC13C1D2C7CCE9B00C35F94;
			remoteInfo = Landmarks;
		};
		FDC13C3B2C7CCE9C00C35F94 /* PBXContainerItemProxy */ = {
			isa = PBXContainerItemProxy;
			containerPortal = FDC13C162C7CCE9B00C35F94 /* Project object */;
			proxyType = 1;
			remoteGlobalIDString = FDC13C1D2C7CCE9B00C35F94;
			remoteInfo = Landmarks;
		};
/* End PBXContainerItemProxy section */

/* Begin PBXFileReference section */
		FD9E66DB2C82142200F956DB /* FavoriteButton.swift */ = {isa = PBXFileReference; lastKnownFileType = sourcecode.swift; path = FavoriteButton.swift; sourceTree = "<group>"; };
		FDA13E032C849F080093B962 /* GraphCapsule.swift */ = {isa = PBXFileReference; lastKnownFileType = sourcecode.swift; path = GraphCapsule.swift; sourceTree = "<group>"; };
		FDA13E052C849F4C0093B962 /* HikeGraph.swift */ = {isa = PBXFileReference; lastKnownFileType = sourcecode.swift; path = HikeGraph.swift; sourceTree = "<group>"; };
		FDA13E072C84A31A0093B962 /* HikeDetail.swift */ = {isa = PBXFileReference; lastKnownFileType = sourcecode.swift; path = HikeDetail.swift; sourceTree = "<group>"; };
		FDA13E092C84A3D40093B962 /* HikeView.swift */ = {isa = PBXFileReference; lastKnownFileType = sourcecode.swift; path = HikeView.swift; sourceTree = "<group>"; };
		FDB144992C8490100088A2A2 /* HexagonParameters.swift */ = {isa = PBXFileReference; lastKnownFileType = sourcecode.swift; path = HexagonParameters.swift; sourceTree = "<group>"; };
		FDB1449B2C8491B90088A2A2 /* BadgeBackground.swift */ = {isa = PBXFileReference; lastKnownFileType = sourcecode.swift; path = BadgeBackground.swift; sourceTree = "<group>"; };
		FDB1449D2C8495890088A2A2 /* BadgeSymbol.swift */ = {isa = PBXFileReference; lastKnownFileType = sourcecode.swift; path = BadgeSymbol.swift; sourceTree = "<group>"; };
		FDB1449F2C8496C20088A2A2 /* RotatedBadgeSymbol.swift */ = {isa = PBXFileReference; lastKnownFileType = sourcecode.swift; path = RotatedBadgeSymbol.swift; sourceTree = "<group>"; };
		FDB144A12C8496FB0088A2A2 /* Badge.swift */ = {isa = PBXFileReference; lastKnownFileType = sourcecode.swift; path = Badge.swift; sourceTree = "<group>"; };
		FDB144A42C849BAF0088A2A2 /* hikeData.json */ = {isa = PBXFileReference; lastKnownFileType = text.json; path = hikeData.json; sourceTree = "<group>"; };
		FDB144A62C849BC50088A2A2 /* Hike.swift */ = {isa = PBXFileReference; lastKnownFileType = sourcecode.swift; path = Hike.swift; sourceTree = "<group>"; };
		FDC13C1E2C7CCE9B00C35F94 /* Landmarks.app */ = {isa = PBXFileReference; explicitFileType = wrapper.application; includeInIndex = 0; path = Landmarks.app; sourceTree = BUILT_PRODUCTS_DIR; };
		FDC13C212C7CCE9B00C35F94 /* LandmarksApp.swift */ = {isa = PBXFileReference; lastKnownFileType = sourcecode.swift; path = LandmarksApp.swift; sourceTree = "<group>"; };
		FDC13C232C7CCE9B00C35F94 /* ContentView.swift */ = {isa = PBXFileReference; lastKnownFileType = sourcecode.swift; path = ContentView.swift; sourceTree = "<group>"; };
		FDC13C272C7CCE9C00C35F94 /* Assets.xcassets */ = {isa = PBXFileReference; lastKnownFileType = folder.assetcatalog; path = Assets.xcassets; sourceTree = "<group>"; };
		FDC13C2A2C7CCE9C00C35F94 /* Preview Assets.xcassets */ = {isa = PBXFileReference; lastKnownFileType = folder.assetcatalog; path = "Preview Assets.xcassets"; sourceTree = "<group>"; };
		FDC13C302C7CCE9C00C35F94 /* LandmarksTests.xctest */ = {isa = PBXFileReference; explicitFileType = wrapper.cfbundle; includeInIndex = 0; path = LandmarksTests.xctest; sourceTree = BUILT_PRODUCTS_DIR; };
		FDC13C342C7CCE9C00C35F94 /* LandmarksTests.swift */ = {isa = PBXFileReference; lastKnownFileType = sourcecode.swift; path = LandmarksTests.swift; sourceTree = "<group>"; };
		FDC13C3A2C7CCE9C00C35F94 /* LandmarksUITests.xctest */ = {isa = PBXFileReference; explicitFileType = wrapper.cfbundle; includeInIndex = 0; path = LandmarksUITests.xctest; sourceTree = BUILT_PRODUCTS_DIR; };
		FDC13C3E2C7CCE9C00C35F94 /* LandmarksUITests.swift */ = {isa = PBXFileReference; lastKnownFileType = sourcecode.swift; path = LandmarksUITests.swift; sourceTree = "<group>"; };
		FDC13C402C7CCE9C00C35F94 /* LandmarksUITestsLaunchTests.swift */ = {isa = PBXFileReference; lastKnownFileType = sourcecode.swift; path = LandmarksUITestsLaunchTests.swift; sourceTree = "<group>"; };
		FDC13C4D2C7CD18E00C35F94 /* CircleImage.swift */ = {isa = PBXFileReference; lastKnownFileType = sourcecode.swift; path = CircleImage.swift; sourceTree = "<group>"; };
		FDC13C4F2C7CD20600C35F94 /* MapView.swift */ = {isa = PBXFileReference; lastKnownFileType = sourcecode.swift; path = MapView.swift; sourceTree = "<group>"; };
		FDC13C532C7CD46100C35F94 /* landmarkData.json */ = {isa = PBXFileReference; lastKnownFileType = text.json; path = landmarkData.json; sourceTree = "<group>"; };
		FDC13C562C7CD47B00C35F94 /* Landmark.swift */ = {isa = PBXFileReference; lastKnownFileType = sourcecode.swift; path = Landmark.swift; sourceTree = "<group>"; };
		FDC13C582C7CD53700C35F94 /* ModelData.swift */ = {isa = PBXFileReference; lastKnownFileType = sourcecode.swift; path = ModelData.swift; sourceTree = "<group>"; };
		FDC13C5C2C7CD64A00C35F94 /* LandmarkRow.swift */ = {isa = PBXFileReference; lastKnownFileType = sourcecode.swift; path = LandmarkRow.swift; sourceTree = "<group>"; };
		FDC13C5E2C7CD76700C35F94 /* LandmarkList.swift */ = {isa = PBXFileReference; lastKnownFileType = sourcecode.swift; path = LandmarkList.swift; sourceTree = "<group>"; };
		FDC13C602C7CD7F600C35F94 /* LandmarkDetail.swift */ = {isa = PBXFileReference; lastKnownFileType = sourcecode.swift; path = LandmarkDetail.swift; sourceTree = "<group>"; };
/* End PBXFileReference section */

/* Begin PBXFrameworksBuildPhase section */
		FDC13C1B2C7CCE9B00C35F94 /* Frameworks */ = {
			isa = PBXFrameworksBuildPhase;
			buildActionMask = 2147483647;
			files = (
			);
			runOnlyForDeploymentPostprocessing = 0;
		};
		FDC13C2D2C7CCE9C00C35F94 /* Frameworks */ = {
			isa = PBXFrameworksBuildPhase;
			buildActionMask = 2147483647;
			files = (
			);
			runOnlyForDeploymentPostprocessing = 0;
		};
		FDC13C372C7CCE9C00C35F94 /* Frameworks */ = {
			isa = PBXFrameworksBuildPhase;
			buildActionMask = 2147483647;
			files = (
			);
			runOnlyForDeploymentPostprocessing = 0;
		};
/* End PBXFrameworksBuildPhase section */

/* Begin PBXGroup section */
		FD9E66DD2C8214D500F956DB /* Helper */ = {
			isa = PBXGroup;
			children = (
				FDC13C4D2C7CD18E00C35F94 /* CircleImage.swift */,
				FDC13C4F2C7CD20600C35F94 /* MapView.swift */,
				FD9E66DB2C82142200F956DB /* FavoriteButton.swift */,
			);
			path = Helper;
			sourceTree = "<group>";
		};
		FD9E66DE2C8214FC00F956DB /* Landmarks */ = {
			isa = PBXGroup;
			children = (
				FDC13C5C2C7CD64A00C35F94 /* LandmarkRow.swift */,
				FDC13C5E2C7CD76700C35F94 /* LandmarkList.swift */,
				FDC13C602C7CD7F600C35F94 /* LandmarkDetail.swift */,
			);
			path = Landmarks;
			sourceTree = "<group>";
		};
		FDA13DF52C849E490093B962 /* Hikes */ = {
			isa = PBXGroup;
			children = (
				FDA13E032C849F080093B962 /* GraphCapsule.swift */,
				FDA13E052C849F4C0093B962 /* HikeGraph.swift */,
				FDA13E072C84A31A0093B962 /* HikeDetail.swift */,
				FDA13E092C84A3D40093B962 /* HikeView.swift */,
			);
			path = Hikes;
			sourceTree = "<group>";
		};
		FDB144A32C8497C70088A2A2 /* Badge */ = {
			isa = PBXGroup;
			children = (
				FDB144992C8490100088A2A2 /* HexagonParameters.swift */,
				FDB1449B2C8491B90088A2A2 /* BadgeBackground.swift */,
				FDB1449D2C8495890088A2A2 /* BadgeSymbol.swift */,
				FDB1449F2C8496C20088A2A2 /* RotatedBadgeSymbol.swift */,
				FDB144A12C8496FB0088A2A2 /* Badge.swift */,
			);
			path = Badge;
			sourceTree = "<group>";
		};
		FDC13C152C7CCE9B00C35F94 = {
			isa = PBXGroup;
			children = (
				FDC13C202C7CCE9B00C35F94 /* Landmarks */,
				FDC13C332C7CCE9C00C35F94 /* LandmarksTests */,
				FDC13C3D2C7CCE9C00C35F94 /* LandmarksUITests */,
				FDC13C1F2C7CCE9B00C35F94 /* Products */,
			);
			sourceTree = "<group>";
		};
		FDC13C1F2C7CCE9B00C35F94 /* Products */ = {
			isa = PBXGroup;
			children = (
				FDC13C1E2C7CCE9B00C35F94 /* Landmarks.app */,
				FDC13C302C7CCE9C00C35F94 /* LandmarksTests.xctest */,
				FDC13C3A2C7CCE9C00C35F94 /* LandmarksUITests.xctest */,
			);
			name = Products;
			sourceTree = "<group>";
		};
		FDC13C202C7CCE9B00C35F94 /* Landmarks */ = {
			isa = PBXGroup;
			children = (
				FDC13C212C7CCE9B00C35F94 /* LandmarksApp.swift */,
				FDC13C5A2C7CD61700C35F94 /* Views */,
				FDC13C5B2C7CD61B00C35F94 /* Model */,
				FDC13C552C7CD46A00C35F94 /* Resources */,
				FDC13C272C7CCE9C00C35F94 /* Assets.xcassets */,
				FDC13C292C7CCE9C00C35F94 /* Preview Content */,
			);
			path = Landmarks;
			sourceTree = "<group>";
		};
		FDC13C292C7CCE9C00C35F94 /* Preview Content */ = {
			isa = PBXGroup;
			children = (
				FDC13C2A2C7CCE9C00C35F94 /* Preview Assets.xcassets */,
			);
			path = "Preview Content";
			sourceTree = "<group>";
		};
		FDC13C332C7CCE9C00C35F94 /* LandmarksTests */ = {
			isa = PBXGroup;
			children = (
				FDC13C342C7CCE9C00C35F94 /* LandmarksTests.swift */,
			);
			path = LandmarksTests;
			sourceTree = "<group>";
		};
		FDC13C3D2C7CCE9C00C35F94 /* LandmarksUITests */ = {
			isa = PBXGroup;
			children = (
				FDC13C3E2C7CCE9C00C35F94 /* LandmarksUITests.swift */,
				FDC13C402C7CCE9C00C35F94 /* LandmarksUITestsLaunchTests.swift */,
			);
			path = LandmarksUITests;
			sourceTree = "<group>";
		};
		FDC13C552C7CD46A00C35F94 /* Resources */ = {
			isa = PBXGroup;
			children = (
				FDB144A42C849BAF0088A2A2 /* hikeData.json */,
				FDC13C532C7CD46100C35F94 /* landmarkData.json */,
			);
			path = Resources;
			sourceTree = "<group>";
		};
		FDC13C5A2C7CD61700C35F94 /* Views */ = {
			isa = PBXGroup;
			children = (
				FDC13C232C7CCE9B00C35F94 /* ContentView.swift */,
				FDB144A32C8497C70088A2A2 /* Badge */,
				FD9E66DE2C8214FC00F956DB /* Landmarks */,
				FD9E66DD2C8214D500F956DB /* Helper */,
				FDA13DF52C849E490093B962 /* Hikes */,
			);
			path = Views;
			sourceTree = "<group>";
		};
		FDC13C5B2C7CD61B00C35F94 /* Model */ = {
			isa = PBXGroup;
			children = (
				FDC13C562C7CD47B00C35F94 /* Landmark.swift */,
				FDC13C582C7CD53700C35F94 /* ModelData.swift */,
				FDB144A62C849BC50088A2A2 /* Hike.swift */,
			);
			path = Model;
			sourceTree = "<group>";
		};
/* End PBXGroup section */

/* Begin PBXNativeTarget section */
		FDC13C1D2C7CCE9B00C35F94 /* Landmarks */ = {
			isa = PBXNativeTarget;
			buildConfigurationList = FDC13C442C7CCE9C00C35F94 /* Build configuration list for PBXNativeTarget "Landmarks" */;
			buildPhases = (
				FDC13C1A2C7CCE9B00C35F94 /* Sources */,
				FDC13C1B2C7CCE9B00C35F94 /* Frameworks */,
				FDC13C1C2C7CCE9B00C35F94 /* Resources */,
			);
			buildRules = (
			);
			dependencies = (
			);
			name = Landmarks;
			productName = Landmarks;
			productReference = FDC13C1E2C7CCE9B00C35F94 /* Landmarks.app */;
			productType = "com.apple.product-type.application";
		};
		FDC13C2F2C7CCE9C00C35F94 /* LandmarksTests */ = {
			isa = PBXNativeTarget;
			buildConfigurationList = FDC13C472C7CCE9C00C35F94 /* Build configuration list for PBXNativeTarget "LandmarksTests" */;
			buildPhases = (
				FDC13C2C2C7CCE9C00C35F94 /* Sources */,
				FDC13C2D2C7CCE9C00C35F94 /* Frameworks */,
				FDC13C2E2C7CCE9C00C35F94 /* Resources */,
			);
			buildRules = (
			);
			dependencies = (
				FDC13C322C7CCE9C00C35F94 /* PBXTargetDependency */,
			);
			name = LandmarksTests;
			productName = LandmarksTests;
			productReference = FDC13C302C7CCE9C00C35F94 /* LandmarksTests.xctest */;
			productType = "com.apple.product-type.bundle.unit-test";
		};
		FDC13C392C7CCE9C00C35F94 /* LandmarksUITests */ = {
			isa = PBXNativeTarget;
			buildConfigurationList = FDC13C4A2C7CCE9C00C35F94 /* Build configuration list for PBXNativeTarget "LandmarksUITests" */;
			buildPhases = (
				FDC13C362C7CCE9C00C35F94 /* Sources */,
				FDC13C372C7CCE9C00C35F94 /* Frameworks */,
				FDC13C382C7CCE9C00C35F94 /* Resources */,
			);
			buildRules = (
			);
			dependencies = (
				FDC13C3C2C7CCE9C00C35F94 /* PBXTargetDependency */,
			);
			name = LandmarksUITests;
			productName = LandmarksUITests;
			productReference = FDC13C3A2C7CCE9C00C35F94 /* LandmarksUITests.xctest */;
			productType = "com.apple.product-type.bundle.ui-testing";
		};
/* End PBXNativeTarget section */

/* Begin PBXProject section */
		FDC13C162C7CCE9B00C35F94 /* Project object */ = {
			isa = PBXProject;
			attributes = {
				BuildIndependentTargetsInParallel = 1;
				LastSwiftUpdateCheck = 1600;
				LastUpgradeCheck = 1600;
				TargetAttributes = {
					FDC13C1D2C7CCE9B00C35F94 = {
						CreatedOnToolsVersion = 16.0;
					};
					FDC13C2F2C7CCE9C00C35F94 = {
						CreatedOnToolsVersion = 16.0;
						TestTargetID = FDC13C1D2C7CCE9B00C35F94;
					};
					FDC13C392C7CCE9C00C35F94 = {
						CreatedOnToolsVersion = 16.0;
						TestTargetID = FDC13C1D2C7CCE9B00C35F94;
					};
				};
			};
			buildConfigurationList = FDC13C192C7CCE9B00C35F94 /* Build configuration list for PBXProject "Landmarks" */;
			compatibilityVersion = "Xcode 15.0";
			developmentRegion = en;
			hasScannedForEncodings = 0;
			knownRegions = (
				en,
				Base,
			);
			mainGroup = FDC13C152C7CCE9B00C35F94;
			productRefGroup = FDC13C1F2C7CCE9B00C35F94 /* Products */;
			projectDirPath = "";
			projectRoot = "";
			targets = (
				FDC13C1D2C7CCE9B00C35F94 /* Landmarks */,
				FDC13C2F2C7CCE9C00C35F94 /* LandmarksTests */,
				FDC13C392C7CCE9C00C35F94 /* LandmarksUITests */,
			);
		};
/* End PBXProject section */

/* Begin PBXResourcesBuildPhase section */
		FDC13C1C2C7CCE9B00C35F94 /* Resources */ = {
			isa = PBXResourcesBuildPhase;
			buildActionMask = 2147483647;
			files = (
				FDB144A52C849BAF0088A2A2 /* hikeData.json in Resources */,
				FDC13C2B2C7CCE9C00C35F94 /* Preview Assets.xcassets in Resources */,
				FDC13C282C7CCE9C00C35F94 /* Assets.xcassets in Resources */,
				FDC13C542C7CD46100C35F94 /* landmarkData.json in Resources */,
			);
			runOnlyForDeploymentPostprocessing = 0;
		};
		FDC13C2E2C7CCE9C00C35F94 /* Resources */ = {
			isa = PBXResourcesBuildPhase;
			buildActionMask = 2147483647;
			files = (
			);
			runOnlyForDeploymentPostprocessing = 0;
		};
		FDC13C382C7CCE9C00C35F94 /* Resources */ = {
			isa = PBXResourcesBuildPhase;
			buildActionMask = 2147483647;
			files = (
			);
			runOnlyForDeploymentPostprocessing = 0;
		};
/* End PBXResourcesBuildPhase section */

/* Begin PBXSourcesBuildPhase section */
		FDC13C1A2C7CCE9B00C35F94 /* Sources */ = {
			isa = PBXSourcesBuildPhase;
			buildActionMask = 2147483647;
			files = (
				FDC13C242C7CCE9B00C35F94 /* ContentView.swift in Sources */,
				FDA13E062C849F4C0093B962 /* HikeGraph.swift in Sources */,
				FDB144A22C8496FB0088A2A2 /* Badge.swift in Sources */,
				FDC13C4E2C7CD18E00C35F94 /* CircleImage.swift in Sources */,
				FDA13E042C849F080093B962 /* GraphCapsule.swift in Sources */,
				FDC13C612C7CD7F700C35F94 /* LandmarkDetail.swift in Sources */,
				FD9E66DC2C82142200F956DB /* FavoriteButton.swift in Sources */,
				FDA13E082C84A31A0093B962 /* HikeDetail.swift in Sources */,
				FDB1449A2C8490100088A2A2 /* HexagonParameters.swift in Sources */,
				FDB144A72C849BC50088A2A2 /* Hike.swift in Sources */,
				FDB144A02C8496C20088A2A2 /* RotatedBadgeSymbol.swift in Sources */,
				FDB1449E2C8495890088A2A2 /* BadgeSymbol.swift in Sources */,
				FDC13C502C7CD20600C35F94 /* MapView.swift in Sources */,
				FDA13E0A2C84A3D40093B962 /* HikeView.swift in Sources */,
				FDC13C222C7CCE9B00C35F94 /* LandmarksApp.swift in Sources */,
				FDB1449C2C8491B90088A2A2 /* BadgeBackground.swift in Sources */,
				FDC13C572C7CD47C00C35F94 /* Landmark.swift in Sources */,
				FDC13C5D2C7CD64A00C35F94 /* LandmarkRow.swift in Sources */,
				FDC13C5F2C7CD76700C35F94 /* LandmarkList.swift in Sources */,
				FDC13C592C7CD53700C35F94 /* ModelData.swift in Sources */,
			);
			runOnlyForDeploymentPostprocessing = 0;
		};
		FDC13C2C2C7CCE9C00C35F94 /* Sources */ = {
			isa = PBXSourcesBuildPhase;
			buildActionMask = 2147483647;
			files = (
				FDC13C352C7CCE9C00C35F94 /* LandmarksTests.swift in Sources */,
			);
			runOnlyForDeploymentPostprocessing = 0;
		};
		FDC13C362C7CCE9C00C35F94 /* Sources */ = {
			isa = PBXSourcesBuildPhase;
			buildActionMask = 2147483647;
			files = (
				FDC13C412C7CCE9C00C35F94 /* LandmarksUITestsLaunchTests.swift in Sources */,
				FDC13C3F2C7CCE9C00C35F94 /* LandmarksUITests.swift in Sources */,
			);
			runOnlyForDeploymentPostprocessing = 0;
		};
/* End PBXSourcesBuildPhase section */

/* Begin PBXTargetDependency section */
		FDC13C322C7CCE9C00C35F94 /* PBXTargetDependency */ = {
			isa = PBXTargetDependency;
			target = FDC13C1D2C7CCE9B00C35F94 /* Landmarks */;
			targetProxy = FDC13C312C7CCE9C00C35F94 /* PBXContainerItemProxy */;
		};
		FDC13C3C2C7CCE9C00C35F94 /* PBXTargetDependency */ = {
			isa = PBXTargetDependency;
			target = FDC13C1D2C7CCE9B00C35F94 /* Landmarks */;
			targetProxy = FDC13C3B2C7CCE9C00C35F94 /* PBXContainerItemProxy */;
		};
/* End PBXTargetDependency section */

/* Begin XCBuildConfiguration section */
		FDC13C422C7CCE9C00C35F94 /* Debug */ = {
			isa = XCBuildConfiguration;
			buildSettings = {
				ALWAYS_SEARCH_USER_PATHS = NO;
				ASSETCATALOG_COMPILER_GENERATE_SWIFT_ASSET_SYMBOL_EXTENSIONS = YES;
				CLANG_ANALYZER_NONNULL = YES;
				CLANG_ANALYZER_NUMBER_OBJECT_CONVERSION = YES_AGGRESSIVE;
				CLANG_CXX_LANGUAGE_STANDARD = "gnu++20";
				CLANG_ENABLE_MODULES = YES;
				CLANG_ENABLE_OBJC_ARC = YES;
				CLANG_ENABLE_OBJC_WEAK = YES;
				CLANG_WARN_BLOCK_CAPTURE_AUTORELEASING = YES;
				CLANG_WARN_BOOL_CONVERSION = YES;
				CLANG_WARN_COMMA = YES;
				CLANG_WARN_CONSTANT_CONVERSION = YES;
				CLANG_WARN_DEPRECATED_OBJC_IMPLEMENTATIONS = YES;
				CLANG_WARN_DIRECT_OBJC_ISA_USAGE = YES_ERROR;
				CLANG_WARN_DOCUMENTATION_COMMENTS = YES;
				CLANG_WARN_EMPTY_BODY = YES;
				CLANG_WARN_ENUM_CONVERSION = YES;
				CLANG_WARN_INFINITE_RECURSION = YES;
				CLANG_WARN_INT_CONVERSION = YES;
				CLANG_WARN_NON_LITERAL_NULL_CONVERSION = YES;
				CLANG_WARN_OBJC_IMPLICIT_RETAIN_SELF = YES;
				CLANG_WARN_OBJC_LITERAL_CONVERSION = YES;
				CLANG_WARN_OBJC_ROOT_CLASS = YES_ERROR;
				CLANG_WARN_QUOTED_INCLUDE_IN_FRAMEWORK_HEADER = YES;
				CLANG_WARN_RANGE_LOOP_ANALYSIS = YES;
				CLANG_WARN_STRICT_PROTOTYPES = YES;
				CLANG_WARN_SUSPICIOUS_MOVE = YES;
				CLANG_WARN_UNGUARDED_AVAILABILITY = YES_AGGRESSIVE;
				CLANG_WARN_UNREACHABLE_CODE = YES;
				CLANG_WARN__DUPLICATE_METHOD_MATCH = YES;
				COPY_PHASE_STRIP = NO;
				DEBUG_INFORMATION_FORMAT = dwarf;
				ENABLE_STRICT_OBJC_MSGSEND = YES;
				ENABLE_TESTABILITY = YES;
				ENABLE_USER_SCRIPT_SANDBOXING = YES;
				GCC_C_LANGUAGE_STANDARD = gnu17;
				GCC_DYNAMIC_NO_PIC = NO;
				GCC_NO_COMMON_BLOCKS = YES;
				GCC_OPTIMIZATION_LEVEL = 0;
				GCC_PREPROCESSOR_DEFINITIONS = (
					"DEBUG=1",
					"$(inherited)",
				);
				GCC_WARN_64_TO_32_BIT_CONVERSION = YES;
				GCC_WARN_ABOUT_RETURN_TYPE = YES_ERROR;
				GCC_WARN_UNDECLARED_SELECTOR = YES;
				GCC_WARN_UNINITIALIZED_AUTOS = YES_AGGRESSIVE;
				GCC_WARN_UNUSED_FUNCTION = YES;
				GCC_WARN_UNUSED_VARIABLE = YES;
				IPHONEOS_DEPLOYMENT_TARGET = 18.0;
				LOCALIZATION_PREFERS_STRING_CATALOGS = YES;
				MTL_ENABLE_DEBUG_INFO = INCLUDE_SOURCE;
				MTL_FAST_MATH = YES;
				ONLY_ACTIVE_ARCH = YES;
				SDKROOT = iphoneos;
				SWIFT_ACTIVE_COMPILATION_CONDITIONS = "DEBUG $(inherited)";
				SWIFT_OPTIMIZATION_LEVEL = "-Onone";
			};
			name = Debug;
		};
		FDC13C432C7CCE9C00C35F94 /* Release */ = {
			isa = XCBuildConfiguration;
			buildSettings = {
				ALWAYS_SEARCH_USER_PATHS = NO;
				ASSETCATALOG_COMPILER_GENERATE_SWIFT_ASSET_SYMBOL_EXTENSIONS = YES;
				CLANG_ANALYZER_NONNULL = YES;
				CLANG_ANALYZER_NUMBER_OBJECT_CONVERSION = YES_AGGRESSIVE;
				CLANG_CXX_LANGUAGE_STANDARD = "gnu++20";
				CLANG_ENABLE_MODULES = YES;
				CLANG_ENABLE_OBJC_ARC = YES;
				CLANG_ENABLE_OBJC_WEAK = YES;
				CLANG_WARN_BLOCK_CAPTURE_AUTORELEASING = YES;
				CLANG_WARN_BOOL_CONVERSION = YES;
				CLANG_WARN_COMMA = YES;
				CLANG_WARN_CONSTANT_CONVERSION = YES;
				CLANG_WARN_DEPRECATED_OBJC_IMPLEMENTATIONS = YES;
				CLANG_WARN_DIRECT_OBJC_ISA_USAGE = YES_ERROR;
				CLANG_WARN_DOCUMENTATION_COMMENTS = YES;
				CLANG_WARN_EMPTY_BODY = YES;
				CLANG_WARN_ENUM_CONVERSION = YES;
				CLANG_WARN_INFINITE_RECURSION = YES;
				CLANG_WARN_INT_CONVERSION = YES;
				CLANG_WARN_NON_LITERAL_NULL_CONVERSION = YES;
				CLANG_WARN_OBJC_IMPLICIT_RETAIN_SELF = YES;
				CLANG_WARN_OBJC_LITERAL_CONVERSION = YES;
				CLANG_WARN_OBJC_ROOT_CLASS = YES_ERROR;
				CLANG_WARN_QUOTED_INCLUDE_IN_FRAMEWORK_HEADER = YES;
				CLANG_WARN_RANGE_LOOP_ANALYSIS = YES;
				CLANG_WARN_STRICT_PROTOTYPES = YES;
				CLANG_WARN_SUSPICIOUS_MOVE = YES;
				CLANG_WARN_UNGUARDED_AVAILABILITY = YES_AGGRESSIVE;
				CLANG_WARN_UNREACHABLE_CODE = YES;
				CLANG_WARN__DUPLICATE_METHOD_MATCH = YES;
				COPY_PHASE_STRIP = NO;
				DEBUG_INFORMATION_FORMAT = "dwarf-with-dsym";
				ENABLE_NS_ASSERTIONS = NO;
				ENABLE_STRICT_OBJC_MSGSEND = YES;
				ENABLE_USER_SCRIPT_SANDBOXING = YES;
				GCC_C_LANGUAGE_STANDARD = gnu17;
				GCC_NO_COMMON_BLOCKS = YES;
				GCC_WARN_64_TO_32_BIT_CONVERSION = YES;
				GCC_WARN_ABOUT_RETURN_TYPE = YES_ERROR;
				GCC_WARN_UNDECLARED_SELECTOR = YES;
				GCC_WARN_UNINITIALIZED_AUTOS = YES_AGGRESSIVE;
				GCC_WARN_UNUSED_FUNCTION = YES;
				GCC_WARN_UNUSED_VARIABLE = YES;
				IPHONEOS_DEPLOYMENT_TARGET = 18.0;
				LOCALIZATION_PREFERS_STRING_CATALOGS = YES;
				MTL_ENABLE_DEBUG_INFO = NO;
				MTL_FAST_MATH = YES;
				SDKROOT = iphoneos;
				SWIFT_COMPILATION_MODE = wholemodule;
				VALIDATE_PRODUCT = YES;
			};
			name = Release;
		};
		FDC13C452C7CCE9C00C35F94 /* Debug */ = {
			isa = XCBuildConfiguration;
			buildSettings = {
				ASSETCATALOG_COMPILER_APPICON_NAME = AppIcon;
				ASSETCATALOG_COMPILER_GLOBAL_ACCENT_COLOR_NAME = AccentColor;
				CODE_SIGN_STYLE = Automatic;
				CURRENT_PROJECT_VERSION = 1;
				DEVELOPMENT_ASSET_PATHS = "\"Landmarks/Preview Content\"";
				ENABLE_PREVIEWS = YES;
				GENERATE_INFOPLIST_FILE = YES;
				INFOPLIST_KEY_UIApplicationSceneManifest_Generation = YES;
				INFOPLIST_KEY_UIApplicationSupportsIndirectInputEvents = YES;
				INFOPLIST_KEY_UILaunchScreen_Generation = YES;
				INFOPLIST_KEY_UISupportedInterfaceOrientations_iPad = "UIInterfaceOrientationPortrait UIInterfaceOrientationPortraitUpsideDown UIInterfaceOrientationLandscapeLeft UIInterfaceOrientationLandscapeRight";
				INFOPLIST_KEY_UISupportedInterfaceOrientations_iPhone = "UIInterfaceOrientationPortrait UIInterfaceOrientationLandscapeLeft UIInterfaceOrientationLandscapeRight";
				LD_RUNPATH_SEARCH_PATHS = (
					"$(inherited)",
					"@executable_path/Frameworks",
				);
				MARKETING_VERSION = 1.0;
				PRODUCT_BUNDLE_IDENTIFIER = KyeonghoJang.Landmarks;
				PRODUCT_NAME = "$(TARGET_NAME)";
				SWIFT_EMIT_LOC_STRINGS = YES;
				SWIFT_VERSION = 5.0;
				TARGETED_DEVICE_FAMILY = "1,2";
			};
			name = Debug;
		};
		FDC13C462C7CCE9C00C35F94 /* Release */ = {
			isa = XCBuildConfiguration;
			buildSettings = {
				ASSETCATALOG_COMPILER_APPICON_NAME = AppIcon;
				ASSETCATALOG_COMPILER_GLOBAL_ACCENT_COLOR_NAME = AccentColor;
				CODE_SIGN_STYLE = Automatic;
				CURRENT_PROJECT_VERSION = 1;
				DEVELOPMENT_ASSET_PATHS = "\"Landmarks/Preview Content\"";
				ENABLE_PREVIEWS = YES;
				GENERATE_INFOPLIST_FILE = YES;
				INFOPLIST_KEY_UIApplicationSceneManifest_Generation = YES;
				INFOPLIST_KEY_UIApplicationSupportsIndirectInputEvents = YES;
				INFOPLIST_KEY_UILaunchScreen_Generation = YES;
				INFOPLIST_KEY_UISupportedInterfaceOrientations_iPad = "UIInterfaceOrientationPortrait UIInterfaceOrientationPortraitUpsideDown UIInterfaceOrientationLandscapeLeft UIInterfaceOrientationLandscapeRight";
				INFOPLIST_KEY_UISupportedInterfaceOrientations_iPhone = "UIInterfaceOrientationPortrait UIInterfaceOrientationLandscapeLeft UIInterfaceOrientationLandscapeRight";
				LD_RUNPATH_SEARCH_PATHS = (
					"$(inherited)",
					"@executable_path/Frameworks",
				);
				MARKETING_VERSION = 1.0;
				PRODUCT_BUNDLE_IDENTIFIER = KyeonghoJang.Landmarks;
				PRODUCT_NAME = "$(TARGET_NAME)";
				SWIFT_EMIT_LOC_STRINGS = YES;
				SWIFT_VERSION = 5.0;
				TARGETED_DEVICE_FAMILY = "1,2";
			};
			name = Release;
		};
		FDC13C482C7CCE9C00C35F94 /* Debug */ = {
			isa = XCBuildConfiguration;
			buildSettings = {
				BUNDLE_LOADER = "$(TEST_HOST)";
				CODE_SIGN_STYLE = Automatic;
				CURRENT_PROJECT_VERSION = 1;
				GENERATE_INFOPLIST_FILE = YES;
				IPHONEOS_DEPLOYMENT_TARGET = 18.0;
				MARKETING_VERSION = 1.0;
				PRODUCT_BUNDLE_IDENTIFIER = KyeonghoJang.LandmarksTests;
				PRODUCT_NAME = "$(TARGET_NAME)";
				SWIFT_EMIT_LOC_STRINGS = NO;
				SWIFT_VERSION = 5.0;
				TARGETED_DEVICE_FAMILY = "1,2";
				TEST_HOST = "$(BUILT_PRODUCTS_DIR)/Landmarks.app/$(BUNDLE_EXECUTABLE_FOLDER_PATH)/Landmarks";
			};
			name = Debug;
		};
		FDC13C492C7CCE9C00C35F94 /* Release */ = {
			isa = XCBuildConfiguration;
			buildSettings = {
				BUNDLE_LOADER = "$(TEST_HOST)";
				CODE_SIGN_STYLE = Automatic;
				CURRENT_PROJECT_VERSION = 1;
				GENERATE_INFOPLIST_FILE = YES;
				IPHONEOS_DEPLOYMENT_TARGET = 18.0;
				MARKETING_VERSION = 1.0;
				PRODUCT_BUNDLE_IDENTIFIER = KyeonghoJang.LandmarksTests;
				PRODUCT_NAME = "$(TARGET_NAME)";
				SWIFT_EMIT_LOC_STRINGS = NO;
				SWIFT_VERSION = 5.0;
				TARGETED_DEVICE_FAMILY = "1,2";
				TEST_HOST = "$(BUILT_PRODUCTS_DIR)/Landmarks.app/$(BUNDLE_EXECUTABLE_FOLDER_PATH)/Landmarks";
			};
			name = Release;
		};
		FDC13C4B2C7CCE9C00C35F94 /* Debug */ = {
			isa = XCBuildConfiguration;
			buildSettings = {
				CODE_SIGN_STYLE = Automatic;
				CURRENT_PROJECT_VERSION = 1;
				GENERATE_INFOPLIST_FILE = YES;
				MARKETING_VERSION = 1.0;
				PRODUCT_BUNDLE_IDENTIFIER = KyeonghoJang.LandmarksUITests;
				PRODUCT_NAME = "$(TARGET_NAME)";
				SWIFT_EMIT_LOC_STRINGS = NO;
				SWIFT_VERSION = 5.0;
				TARGETED_DEVICE_FAMILY = "1,2";
				TEST_TARGET_NAME = Landmarks;
			};
			name = Debug;
		};
		FDC13C4C2C7CCE9C00C35F94 /* Release */ = {
			isa = XCBuildConfiguration;
			buildSettings = {
				CODE_SIGN_STYLE = Automatic;
				CURRENT_PROJECT_VERSION = 1;
				GENERATE_INFOPLIST_FILE = YES;
				MARKETING_VERSION = 1.0;
				PRODUCT_BUNDLE_IDENTIFIER = KyeonghoJang.LandmarksUITests;
				PRODUCT_NAME = "$(TARGET_NAME)";
				SWIFT_EMIT_LOC_STRINGS = NO;
				SWIFT_VERSION = 5.0;
				TARGETED_DEVICE_FAMILY = "1,2";
				TEST_TARGET_NAME = Landmarks;
			};
			name = Release;
		};
/* End XCBuildConfiguration section */

/* Begin XCConfigurationList section */
		FDC13C192C7CCE9B00C35F94 /* Build configuration list for PBXProject "Landmarks" */ = {
			isa = XCConfigurationList;
			buildConfigurations = (
				FDC13C422C7CCE9C00C35F94 /* Debug */,
				FDC13C432C7CCE9C00C35F94 /* Release */,
			);
			defaultConfigurationIsVisible = 0;
			defaultConfigurationName = Release;
		};
		FDC13C442C7CCE9C00C35F94 /* Build configuration list for PBXNativeTarget "Landmarks" */ = {
			isa = XCConfigurationList;
			buildConfigurations = (
				FDC13C452C7CCE9C00C35F94 /* Debug */,
				FDC13C462C7CCE9C00C35F94 /* Release */,
			);
			defaultConfigurationIsVisible = 0;
			defaultConfigurationName = Release;
		};
		FDC13C472C7CCE9C00C35F94 /* Build configuration list for PBXNativeTarget "LandmarksTests" */ = {
			isa = XCConfigurationList;
			buildConfigurations = (
				FDC13C482C7CCE9C00C35F94 /* Debug */,
				FDC13C492C7CCE9C00C35F94 /* Release */,
			);
			defaultConfigurationIsVisible = 0;
			defaultConfigurationName = Release;
		};
		FDC13C4A2C7CCE9C00C35F94 /* Build configuration list for PBXNativeTarget "LandmarksUITests" */ = {
			isa = XCConfigurationList;
			buildConfigurations = (
				FDC13C4B2C7CCE9C00C35F94 /* Debug */,
				FDC13C4C2C7CCE9C00C35F94 /* Release */,
			);
			defaultConfigurationIsVisible = 0;
			defaultConfigurationName = Release;
		};
/* End XCConfigurationList section */
	};
	rootObject = FDC13C162C7CCE9B00C35F94 /* Project object */;
}
